{
  "version": "5",
  "specifiers": {
    "jsr:@panva/jose@6": "6.2.3"
  },
  "jsr": {
    "@panva/jose@6.2.3": {
      "integrity": "57cc772f01b2ac60f847a7e6ec815059762768186266ed833fb59953e9611312"
    }
  },
  "workspace": {
    "packageJson": {
      "dependencies": [
        "npm:supabase@^2.75.0"
      ]
    }
  }
}
